<?xml version="1.0" encoding="utf-8"?>
<Project ToolsVersion="4.0" xmlns="http://schemas.microsoft.com/developer/msbuild/2003">
  <ItemGroup>
    <Filter Include="Source Files">
      <UniqueIdentifier>{4FC737F1-C7A5-4376-A066-2A32D752A2FF}</UniqueIdentifier>
      <Extensions>cpp;c;cc;cxx;def;odl;idl;hpj;bat;asm;asmx</Extensions>
    </Filter>
    <Filter Include="Header Files">
      <UniqueIdentifier>{93995380-89BD-4b04-88EB-625FBE52EBFB}</UniqueIdentifier>
      <Extensions>h;hh;hpp;hxx;hm;inl;inc;xsd</Extensions>
    </Filter>
    <Filter Include="Resource Files">
      <UniqueIdentifier>{67DA6AB6-F800-4c08-8B7A-83BB121AAD01}</UniqueIdentifier>
      <Extensions>rc;ico;cur;bmp;dlg;rc2;rct;bin;rgs;gif;jpg;jpeg;jpe;resx;tiff;tif;png;wav;mfcribbon-ms</Extensions>
    </Filter>
    <Filter Include="TTK">
      <UniqueIdentifier>{e9aa8f81-2a08-45e2-ab34-cd96fab2c1e7}</UniqueIdentifier>
    </Filter>
    <Filter Include="imgui">
      <UniqueIdentifier>{229f70e5-8fb3-4779-b062-3e00e9d8cb93}</UniqueIdentifier>
    </Filter>
    <Filter Include="tinyxml2">
      <UniqueIdentifier>{d0cf601d-1320-42a1-b6c0-97f2985129e0}</UniqueIdentifier>
    </Filter>
  </ItemGroup>
  <ItemGroup>
    <ClCompile Include="..\src\main.cpp">
      <Filter>Source Files</Filter>
    </ClCompile>
    <ClCompile Include="..\src\TTK\GraphicsUtils.cpp">
      <Filter>TTK</Filter>
    </ClCompile>
    <ClCompile Include="..\src\GameObject.cpp">
      <Filter>Source Files</Filter>
    </ClCompile>
    <ClCompile Include="..\src\TTK\MeshBase.cpp">
      <Filter>TTK</Filter>
    </ClCompile>
    <ClCompile Include="..\src\TTK\QuadMesh.cpp">
      <Filter>TTK</Filter>
    </ClCompile>
    <ClCompile Include="..\src\PointHandle.cpp">
      <Filter>Source Files</Filter>
    </ClCompile>
    <ClCompile Include="..\include\imgui\imgui.cpp">
      <Filter>imgui</Filter>
    </ClCompile>
    <ClCompile Include="..\include\imgui\imgui_demo.cpp">
      <Filter>imgui</Filter>
    </ClCompile>
    <ClCompile Include="..\include\imgui\imgui_draw.cpp">
      <Filter>imgui</Filter>
    </ClCompile>
    <ClCompile Include="..\include\imgui\imgui_impl.cpp">
      <Filter>imgui</Filter>
    </ClCompile>
    <ClCompile Include="..\src\TTK\Texture2D.cpp">
      <Filter>TTK</Filter>
    </ClCompile>
    <ClCompile Include="..\src\ParticleEmitter.cpp">
      <Filter>Source Files</Filter>
    </ClCompile>
    <ClCompile Include="..\src\GUIFuncs.cpp">
      <Filter>Source Files</Filter>
    </ClCompile>
    <ClCompile Include="..\src\HTRLoader.cpp">
      <Filter>Source Files</Filter>
    </ClCompile>
    <ClCompile Include="..\src\TTK\OBJMesh.cpp">
      <Filter>TTK</Filter>
    </ClCompile>
    <ClCompile Include="..\include\tinyxml2\tinyxml2.cpp">
      <Filter>tinyxml2</Filter>
    </ClCompile>
    <ClCompile Include="..\src\SkinnedGameObject.cpp">
      <Filter>Source Files</Filter>
    </ClCompile>
  </ItemGroup>
  <ItemGroup>
    <ClInclude Include="..\include\TTK\Camera.h">
      <Filter>TTK</Filter>
    </ClInclude>
    <ClInclude Include="..\include\GameObject.h">
      <Filter>Header Files</Filter>
    </ClInclude>
    <ClInclude Include="..\include\TTK\GraphicsUtils.h">
      <Filter>TTK</Filter>
    </ClInclude>
    <ClInclude Include="..\include\TTK\MeshBase.h">
      <Filter>TTK</Filter>
    </ClInclude>
    <ClInclude Include="..\include\TTK\QuadMesh.h">
      <Filter>TTK</Filter>
    </ClInclude>
    <ClInclude Include="..\include\AnimationMath.h">
      <Filter>Header Files</Filter>
    </ClInclude>
    <ClInclude Include="..\include\imgui\imgui.h">
      <Filter>imgui</Filter>
    </ClInclude>
    <ClInclude Include="..\include\imgui\imgui_internal.h">
      <Filter>imgui</Filter>
    </ClInclude>
    <ClInclude Include="..\include\imgui\stb_rect_pack.h">
      <Filter>imgui</Filter>
    </ClInclude>
    <ClInclude Include="..\include\imgui\stb_textedit.h">
      <Filter>imgui</Filter>
    </ClInclude>
    <ClInclude Include="..\include\imgui\stb_truetype.h">
      <Filter>imgui</Filter>
    </ClInclude>
    <ClInclude Include="..\include\imgui\imgui_impl.h">
      <Filter>imgui</Filter>
    </ClInclude>
    <ClInclude Include="..\include\TTK\OBJMesh.h">
      <Filter>TTK</Filter>
    </ClInclude>
    <ClInclude Include="..\include\TTK\Texture2D.h">
      <Filter>TTK</Filter>
    </ClInclude>
    <ClInclude Include="..\include\KeyframeController.h">
      <Filter>Header Files</Filter>
    </ClInclude>
    <ClInclude Include="..\include\ParticleEmitter.h">
      <Filter>Header Files</Filter>
    </ClInclude>
    <ClInclude Include="..\include\GUIFuncs.h">
      <Filter>Header Files</Filter>
    </ClInclude>
    <ClInclude Include="..\include\HTRLoader.h">
      <Filter>Header Files</Filter>
    </ClInclude>
    <ClInclude Include="..\include\JointTypes.h">
      <Filter>Header Files</Filter>
    </ClInclude>
    <ClInclude Include="..\include\PointHandle.h">
      <Filter>Header Files</Filter>
    </ClInclude>
    <ClInclude Include="..\include\SkinnedGameObject.h">
      <Filter>Header Files</Filter>
    </ClInclude>
    <ClInclude Include="..\include\tinyxml2\tinyxml2.h">
      <Filter>tinyxml2</Filter>
    </ClInclude>
  </ItemGroup>
</Project>